<?xml version="1.0" encoding="utf-8"?>
<Project ToolsVersion="4.0" xmlns="http://schemas.microsoft.com/developer/msbuild/2003">
  <ItemGroup>
    <Filter Include="SupportCode">
      <UniqueIdentifier>{93995380-89BD-4b04-88EB-625FBE52EBFB}</UniqueIdentifier>
      <Extensions>h;hpp;hxx;hm;inl;inc;xsd</Extensions>
    </Filter>
  </ItemGroup>
  <ItemGroup>
    <ClCompile Include="glew.c">
      <Filter>SupportCode</Filter>
    </ClCompile>
    <ClCompile Include="supportcode.cpp">
      <Filter>SupportCode</Filter>
    </ClCompile>
    <ClCompile Include="main.cpp" />
  </ItemGroup>
  <ItemGroup>
    <ClInclude Include="supportcode.h">
      <Filter>SupportCode</Filter>
    </ClInclude>
    <ClInclude Include="Cluster.h">
      <Filter>SupportCode</Filter>
    </ClInclude>
    <ClInclude Include="Transform.h">
      <Filter>SupportCode</Filter>
    </ClInclude>
  </ItemGroup>
</Project>